
Microsoft Visual Studio Solution File, Format Version 12.00
# Visual Studio 15
VisualStudioVersion = 15.0.26124.0
MinimumVisualStudioVersion = 15.0.26124.0
Project("{2150E333-8FDC-42A3-9474-1A3956D46DE8}") = "src", "src", "{BE07A650-F05C-4912-8A6E-F9B76D6FE4F2}"
EndProject
Project("{FAE04EC0-301F-11D3-BF4B-00C04F79EFBC}") = "Template.Application", "src\Template.Application\Template.Application.csproj", "{8114BB70-6CE0-48CD-AE2D-FA3A11291044}"
EndProject
Project("{FAE04EC0-301F-11D3-BF4B-00C04F79EFBC}") = "Template.Domain", "src\Template.Domain\Template.Domain.csproj", "{03773C2E-4777-4DDC-AB17-0C9B12C1057B}"
EndProject
Project("{FAE04EC0-301F-11D3-BF4B-00C04F79EFBC}") = "Template.Infra", "src\Template.Infra\Template.Infra.csproj", "{6543606E-9432-438D-8CE4-CF5336E1E226}"
EndProject
Project("{2150E333-8FDC-42A3-9474-1A3956D46DE8}") = "tests", "tests", "{2BCB07EA-5F28-472C-AFE1-1E5C6C1FC0F8}"
EndProject
Project("{FAE04EC0-301F-11D3-BF4B-00C04F79EFBC}") = "Template.Application.Tests", "tests\Template.Application.Tests\Template.Application.Tests.csproj", "{C3D92E9D-DB3B-45D8-9051-734F6D62D3DE}"
EndProject
Project("{FAE04EC0-301F-11D3-BF4B-00C04F79EFBC}") = "Template.Api", "src\Template.Api\Template.Api.csproj", "{1E9AA860-4D89-40F4-97B1-76CBC003B4A8}"
EndProject
Project("{FAE04EC0-301F-11D3-BF4B-00C04F79EFBC}") = "Test", "tests\Test\Test.csproj", "{003C02A4-7D7C-4F93-8B4F-B5FC399919E6}"
EndProject
Project("{FAE04EC0-301F-11D3-BF4B-00C04F79EFBC}") = "Template.Bootstrap", "src\Template.Bootstrap\Template.Bootstrap.csproj", "{D8E54FF7-E52D-48AE-8C96-185754EE92A3}"
EndProject
Project("{2150E333-8FDC-42A3-9474-1A3956D46DE8}") = "application", "application", "{6743BB56-6099-4617-AA1F-25E820A1A370}"
EndProject
Project("{2150E333-8FDC-42A3-9474-1A3956D46DE8}") = "infrastructure", "infrastructure", "{126C7758-3962-4B38-A9CF-AF239DA0E489}"
EndProject
Project("{2150E333-8FDC-42A3-9474-1A3956D46DE8}") = "presentation", "presentation", "{6AFC6B9B-AE0D-4C59-BF6F-17B8E1901CB2}"
EndProject
Project("{2150E333-8FDC-42A3-9474-1A3956D46DE8}") = "generic", "generic", "{E6652ADF-92DB-4926-A139-D5CC507B39A4}"
EndProject
Project("{FAE04EC0-301F-11D3-BF4B-00C04F79EFBC}") = "Kit", "src\Kit\Kit.csproj", "{9185E284-1D0F-496D-B044-1A70217C1842}"
EndProject
Project("{FAE04EC0-301F-11D3-BF4B-00C04F79EFBC}") = "Kit.Presentation", "src\Kit.Presentation\Kit.Presentation.csproj", "{1920EBB4-26CC-49BC-82BA-C53EA2D859DB}"
EndProject
Global
	GlobalSection(SolutionConfigurationPlatforms) = preSolution
		Debug|Any CPU = Debug|Any CPU
		Debug|x64 = Debug|x64
		Debug|x86 = Debug|x86
		Release|Any CPU = Release|Any CPU
		Release|x64 = Release|x64
		Release|x86 = Release|x86
	EndGlobalSection
	GlobalSection(SolutionProperties) = preSolution
		HideSolutionNode = FALSE
	EndGlobalSection
	GlobalSection(ProjectConfigurationPlatforms) = postSolution
		{8114BB70-6CE0-48CD-AE2D-FA3A11291044}.Debug|Any CPU.ActiveCfg = Debug|Any CPU
		{8114BB70-6CE0-48CD-AE2D-FA3A11291044}.Debug|Any CPU.Build.0 = Debug|Any CPU
		{8114BB70-6CE0-48CD-AE2D-FA3A11291044}.Debug|x64.ActiveCfg = Debug|Any CPU
		{8114BB70-6CE0-48CD-AE2D-FA3A11291044}.Debug|x64.Build.0 = Debug|Any CPU
		{8114BB70-6CE0-48CD-AE2D-FA3A11291044}.Debug|x86.ActiveCfg = Debug|Any CPU
		{8114BB70-6CE0-48CD-AE2D-FA3A11291044}.Debug|x86.Build.0 = Debug|Any CPU
		{8114BB70-6CE0-48CD-AE2D-FA3A11291044}.Release|Any CPU.ActiveCfg = Release|Any CPU
		{8114BB70-6CE0-48CD-AE2D-FA3A11291044}.Release|Any CPU.Build.0 = Release|Any CPU
		{8114BB70-6CE0-48CD-AE2D-FA3A11291044}.Release|x64.ActiveCfg = Release|Any CPU
		{8114BB70-6CE0-48CD-AE2D-FA3A11291044}.Release|x64.Build.0 = Release|Any CPU
		{8114BB70-6CE0-48CD-AE2D-FA3A11291044}.Release|x86.ActiveCfg = Release|Any CPU
		{8114BB70-6CE0-48CD-AE2D-FA3A11291044}.Release|x86.Build.0 = Release|Any CPU
		{03773C2E-4777-4DDC-AB17-0C9B12C1057B}.Debug|Any CPU.ActiveCfg = Debug|Any CPU
		{03773C2E-4777-4DDC-AB17-0C9B12C1057B}.Debug|Any CPU.Build.0 = Debug|Any CPU
		{03773C2E-4777-4DDC-AB17-0C9B12C1057B}.Debug|x64.ActiveCfg = Debug|Any CPU
		{03773C2E-4777-4DDC-AB17-0C9B12C1057B}.Debug|x64.Build.0 = Debug|Any CPU
		{03773C2E-4777-4DDC-AB17-0C9B12C1057B}.Debug|x86.ActiveCfg = Debug|Any CPU
		{03773C2E-4777-4DDC-AB17-0C9B12C1057B}.Debug|x86.Build.0 = Debug|Any CPU
		{03773C2E-4777-4DDC-AB17-0C9B12C1057B}.Release|Any CPU.ActiveCfg = Release|Any CPU
		{03773C2E-4777-4DDC-AB17-0C9B12C1057B}.Release|Any CPU.Build.0 = Release|Any CPU
		{03773C2E-4777-4DDC-AB17-0C9B12C1057B}.Release|x64.ActiveCfg = Release|Any CPU
		{03773C2E-4777-4DDC-AB17-0C9B12C1057B}.Release|x64.Build.0 = Release|Any CPU
		{03773C2E-4777-4DDC-AB17-0C9B12C1057B}.Release|x86.ActiveCfg = Release|Any CPU
		{03773C2E-4777-4DDC-AB17-0C9B12C1057B}.Release|x86.Build.0 = Release|Any CPU
		{6543606E-9432-438D-8CE4-CF5336E1E226}.Debug|Any CPU.ActiveCfg = Debug|Any CPU
		{6543606E-9432-438D-8CE4-CF5336E1E226}.Debug|Any CPU.Build.0 = Debug|Any CPU
		{6543606E-9432-438D-8CE4-CF5336E1E226}.Debug|x64.ActiveCfg = Debug|Any CPU
		{6543606E-9432-438D-8CE4-CF5336E1E226}.Debug|x64.Build.0 = Debug|Any CPU
		{6543606E-9432-438D-8CE4-CF5336E1E226}.Debug|x86.ActiveCfg = Debug|Any CPU
		{6543606E-9432-438D-8CE4-CF5336E1E226}.Debug|x86.Build.0 = Debug|Any CPU
		{6543606E-9432-438D-8CE4-CF5336E1E226}.Release|Any CPU.ActiveCfg = Release|Any CPU
		{6543606E-9432-438D-8CE4-CF5336E1E226}.Release|Any CPU.Build.0 = Release|Any CPU
		{6543606E-9432-438D-8CE4-CF5336E1E226}.Release|x64.ActiveCfg = Release|Any CPU
		{6543606E-9432-438D-8CE4-CF5336E1E226}.Release|x64.Build.0 = Release|Any CPU
		{6543606E-9432-438D-8CE4-CF5336E1E226}.Release|x86.ActiveCfg = Release|Any CPU
		{6543606E-9432-438D-8CE4-CF5336E1E226}.Release|x86.Build.0 = Release|Any CPU
		{C3D92E9D-DB3B-45D8-9051-734F6D62D3DE}.Debug|Any CPU.ActiveCfg = Debug|Any CPU
		{C3D92E9D-DB3B-45D8-9051-734F6D62D3DE}.Debug|Any CPU.Build.0 = Debug|Any CPU
		{C3D92E9D-DB3B-45D8-9051-734F6D62D3DE}.Debug|x64.ActiveCfg = Debug|Any CPU
		{C3D92E9D-DB3B-45D8-9051-734F6D62D3DE}.Debug|x64.Build.0 = Debug|Any CPU
		{C3D92E9D-DB3B-45D8-9051-734F6D62D3DE}.Debug|x86.ActiveCfg = Debug|Any CPU
		{C3D92E9D-DB3B-45D8-9051-734F6D62D3DE}.Debug|x86.Build.0 = Debug|Any CPU
		{C3D92E9D-DB3B-45D8-9051-734F6D62D3DE}.Release|Any CPU.ActiveCfg = Release|Any CPU
		{C3D92E9D-DB3B-45D8-9051-734F6D62D3DE}.Release|Any CPU.Build.0 = Release|Any CPU
		{C3D92E9D-DB3B-45D8-9051-734F6D62D3DE}.Release|x64.ActiveCfg = Release|Any CPU
		{C3D92E9D-DB3B-45D8-9051-734F6D62D3DE}.Release|x64.Build.0 = Release|Any CPU
		{C3D92E9D-DB3B-45D8-9051-734F6D62D3DE}.Release|x86.ActiveCfg = Release|Any CPU
		{C3D92E9D-DB3B-45D8-9051-734F6D62D3DE}.Release|x86.Build.0 = Release|Any CPU
		{003C02A4-7D7C-4F93-8B4F-B5FC399919E6}.Debug|Any CPU.ActiveCfg = Debug|Any CPU
		{003C02A4-7D7C-4F93-8B4F-B5FC399919E6}.Debug|Any CPU.Build.0 = Debug|Any CPU
		{003C02A4-7D7C-4F93-8B4F-B5FC399919E6}.Debug|x64.ActiveCfg = Debug|Any CPU
		{003C02A4-7D7C-4F93-8B4F-B5FC399919E6}.Debug|x64.Build.0 = Debug|Any CPU
		{003C02A4-7D7C-4F93-8B4F-B5FC399919E6}.Debug|x86.ActiveCfg = Debug|Any CPU
		{003C02A4-7D7C-4F93-8B4F-B5FC399919E6}.Debug|x86.Build.0 = Debug|Any CPU
		{003C02A4-7D7C-4F93-8B4F-B5FC399919E6}.Release|Any CPU.ActiveCfg = Release|Any CPU
		{003C02A4-7D7C-4F93-8B4F-B5FC399919E6}.Release|Any CPU.Build.0 = Release|Any CPU
		{003C02A4-7D7C-4F93-8B4F-B5FC399919E6}.Release|x64.ActiveCfg = Release|Any CPU
		{003C02A4-7D7C-4F93-8B4F-B5FC399919E6}.Release|x64.Build.0 = Release|Any CPU
		{003C02A4-7D7C-4F93-8B4F-B5FC399919E6}.Release|x86.ActiveCfg = Release|Any CPU
		{003C02A4-7D7C-4F93-8B4F-B5FC399919E6}.Release|x86.Build.0 = Release|Any CPU
		{D8E54FF7-E52D-48AE-8C96-185754EE92A3}.Debug|Any CPU.ActiveCfg = Debug|Any CPU
		{D8E54FF7-E52D-48AE-8C96-185754EE92A3}.Debug|Any CPU.Build.0 = Debug|Any CPU
		{D8E54FF7-E52D-48AE-8C96-185754EE92A3}.Debug|x64.ActiveCfg = Debug|Any CPU
		{D8E54FF7-E52D-48AE-8C96-185754EE92A3}.Debug|x64.Build.0 = Debug|Any CPU
		{D8E54FF7-E52D-48AE-8C96-185754EE92A3}.Debug|x86.ActiveCfg = Debug|Any CPU
		{D8E54FF7-E52D-48AE-8C96-185754EE92A3}.Debug|x86.Build.0 = Debug|Any CPU
		{D8E54FF7-E52D-48AE-8C96-185754EE92A3}.Release|Any CPU.ActiveCfg = Release|Any CPU
		{D8E54FF7-E52D-48AE-8C96-185754EE92A3}.Release|Any CPU.Build.0 = Release|Any CPU
		{D8E54FF7-E52D-48AE-8C96-185754EE92A3}.Release|x64.ActiveCfg = Release|Any CPU
		{D8E54FF7-E52D-48AE-8C96-185754EE92A3}.Release|x64.Build.0 = Release|Any CPU
		{D8E54FF7-E52D-48AE-8C96-185754EE92A3}.Release|x86.ActiveCfg = Release|Any CPU
		{D8E54FF7-E52D-48AE-8C96-185754EE92A3}.Release|x86.Build.0 = Release|Any CPU
		{1E9AA860-4D89-40F4-97B1-76CBC003B4A8}.Debug|Any CPU.ActiveCfg = Debug|Any CPU
		{1E9AA860-4D89-40F4-97B1-76CBC003B4A8}.Debug|Any CPU.Build.0 = Debug|Any CPU
		{1E9AA860-4D89-40F4-97B1-76CBC003B4A8}.Debug|x64.ActiveCfg = Debug|Any CPU
		{1E9AA860-4D89-40F4-97B1-76CBC003B4A8}.Debug|x64.Build.0 = Debug|Any CPU
		{1E9AA860-4D89-40F4-97B1-76CBC003B4A8}.Debug|x86.ActiveCfg = Debug|Any CPU
		{1E9AA860-4D89-40F4-97B1-76CBC003B4A8}.Debug|x86.Build.0 = Debug|Any CPU
		{1E9AA860-4D89-40F4-97B1-76CBC003B4A8}.Release|Any CPU.ActiveCfg = Release|Any CPU
		{1E9AA860-4D89-40F4-97B1-76CBC003B4A8}.Release|Any CPU.Build.0 = Release|Any CPU
		{1E9AA860-4D89-40F4-97B1-76CBC003B4A8}.Release|x64.ActiveCfg = Release|Any CPU
		{1E9AA860-4D89-40F4-97B1-76CBC003B4A8}.Release|x64.Build.0 = Release|Any CPU
		{1E9AA860-4D89-40F4-97B1-76CBC003B4A8}.Release|x86.ActiveCfg = Release|Any CPU
		{1E9AA860-4D89-40F4-97B1-76CBC003B4A8}.Release|x86.Build.0 = Release|Any CPU
		{9185E284-1D0F-496D-B044-1A70217C1842}.Debug|Any CPU.ActiveCfg = Debug|Any CPU
		{9185E284-1D0F-496D-B044-1A70217C1842}.Debug|Any CPU.Build.0 = Debug|Any CPU
		{9185E284-1D0F-496D-B044-1A70217C1842}.Debug|x64.ActiveCfg = Debug|Any CPU
		{9185E284-1D0F-496D-B044-1A70217C1842}.Debug|x64.Build.0 = Debug|Any CPU
		{9185E284-1D0F-496D-B044-1A70217C1842}.Debug|x86.ActiveCfg = Debug|Any CPU
		{9185E284-1D0F-496D-B044-1A70217C1842}.Debug|x86.Build.0 = Debug|Any CPU
		{9185E284-1D0F-496D-B044-1A70217C1842}.Release|Any CPU.ActiveCfg = Release|Any CPU
		{9185E284-1D0F-496D-B044-1A70217C1842}.Release|Any CPU.Build.0 = Release|Any CPU
		{9185E284-1D0F-496D-B044-1A70217C1842}.Release|x64.ActiveCfg = Release|Any CPU
		{9185E284-1D0F-496D-B044-1A70217C1842}.Release|x64.Build.0 = Release|Any CPU
		{9185E284-1D0F-496D-B044-1A70217C1842}.Release|x86.ActiveCfg = Release|Any CPU
		{9185E284-1D0F-496D-B044-1A70217C1842}.Release|x86.Build.0 = Release|Any CPU
		{1920EBB4-26CC-49BC-82BA-C53EA2D859DB}.Debug|Any CPU.ActiveCfg = Debug|Any CPU
		{1920EBB4-26CC-49BC-82BA-C53EA2D859DB}.Debug|Any CPU.Build.0 = Debug|Any CPU
		{1920EBB4-26CC-49BC-82BA-C53EA2D859DB}.Debug|x64.ActiveCfg = Debug|Any CPU
		{1920EBB4-26CC-49BC-82BA-C53EA2D859DB}.Debug|x64.Build.0 = Debug|Any CPU
		{1920EBB4-26CC-49BC-82BA-C53EA2D859DB}.Debug|x86.ActiveCfg = Debug|Any CPU
		{1920EBB4-26CC-49BC-82BA-C53EA2D859DB}.Debug|x86.Build.0 = Debug|Any CPU
		{1920EBB4-26CC-49BC-82BA-C53EA2D859DB}.Release|Any CPU.ActiveCfg = Release|Any CPU
		{1920EBB4-26CC-49BC-82BA-C53EA2D859DB}.Release|Any CPU.Build.0 = Release|Any CPU
		{1920EBB4-26CC-49BC-82BA-C53EA2D859DB}.Release|x64.ActiveCfg = Release|Any CPU
		{1920EBB4-26CC-49BC-82BA-C53EA2D859DB}.Release|x64.Build.0 = Release|Any CPU
		{1920EBB4-26CC-49BC-82BA-C53EA2D859DB}.Release|x86.ActiveCfg = Release|Any CPU
		{1920EBB4-26CC-49BC-82BA-C53EA2D859DB}.Release|x86.Build.0 = Release|Any CPU
	EndGlobalSection
	GlobalSection(NestedProjects) = preSolution
		{C3D92E9D-DB3B-45D8-9051-734F6D62D3DE} = {2BCB07EA-5F28-472C-AFE1-1E5C6C1FC0F8}
		{6743BB56-6099-4617-AA1F-25E820A1A370} = {BE07A650-F05C-4912-8A6E-F9B76D6FE4F2}
		{8114BB70-6CE0-48CD-AE2D-FA3A11291044} = {6743BB56-6099-4617-AA1F-25E820A1A370}
		{03773C2E-4777-4DDC-AB17-0C9B12C1057B} = {6743BB56-6099-4617-AA1F-25E820A1A370}
		{126C7758-3962-4B38-A9CF-AF239DA0E489} = {BE07A650-F05C-4912-8A6E-F9B76D6FE4F2}
		{6543606E-9432-438D-8CE4-CF5336E1E226} = {126C7758-3962-4B38-A9CF-AF239DA0E489}
		{D8E54FF7-E52D-48AE-8C96-185754EE92A3} = {126C7758-3962-4B38-A9CF-AF239DA0E489}
		{6AFC6B9B-AE0D-4C59-BF6F-17B8E1901CB2} = {BE07A650-F05C-4912-8A6E-F9B76D6FE4F2}
		{1E9AA860-4D89-40F4-97B1-76CBC003B4A8} = {6AFC6B9B-AE0D-4C59-BF6F-17B8E1901CB2}
		{E6652ADF-92DB-4926-A139-D5CC507B39A4} = {2BCB07EA-5F28-472C-AFE1-1E5C6C1FC0F8}
		{003C02A4-7D7C-4F93-8B4F-B5FC399919E6} = {E6652ADF-92DB-4926-A139-D5CC507B39A4}
		{9185E284-1D0F-496D-B044-1A70217C1842} = {BE07A650-F05C-4912-8A6E-F9B76D6FE4F2}
		{1920EBB4-26CC-49BC-82BA-C53EA2D859DB} = {BE07A650-F05C-4912-8A6E-F9B76D6FE4F2}
	EndGlobalSection
EndGlobal
